
Microsoft Visual Studio Solution File, Format Version 12.00
# Visual Studio Version 16
VisualStudioVersion = 16.0.29609.76
MinimumVisualStudioVersion = 10.0.40219.1
Project("{8BC9CEB8-8B4A-11D0-8D11-00A0C91BC942}") = "Project1", "Project1\Project1.vcxproj", "{3E366828-90D0-47CD-B763-A31CC9BB4FED}"
EndProject
Project("{8BC9CEB8-8B4A-11D0-8D11-00A0C91BC942}") = "Project2", "Project2\Project2.vcxproj", "{5808DCA8-07F1-4609-BD8F-425D623E763E}"
EndProject
Project("{8BC9CEB8-8B4A-11D0-8D11-00A0C91BC942}") = "Project3", "Project3\Project3.vcxproj", "{98AE5335-35EC-443E-8CFF-BC4D2119D27A}"
EndProject
Project("{8BC9CEB8-8B4A-11D0-8D11-00A0C91BC942}") = "Project4", "Project4\Project4.vcxproj", "{B5022FAF-D0F3-4927-ABA3-4052D878D186}"
EndProject
Project("{8BC9CEB8-8B4A-11D0-8D11-00A0C91BC942}") = "Project5", "Project5\Project5.vcxproj", "{DF0812A2-1BFD-4094-99E8-1E246C28B9D3}"
EndProject
Project("{8BC9CEB8-8B4A-11D0-8D11-00A0C91BC942}") = "Project6", "Project6\Project6.vcxproj", "{DB4E5B95-C30C-431D-8458-AB6BA7C390E5}"
EndProject
Project("{8BC9CEB8-8B4A-11D0-8D11-00A0C91BC942}") = "Project7", "Project7\Project7.vcxproj", "{0A35E868-8A0C-4735-84D6-AF7E5CF17311}"
EndProject
Project("{8BC9CEB8-8B4A-11D0-8D11-00A0C91BC942}") = "Project8", "Project8\Project8.vcxproj", "{02CBCD2D-538D-422A-A0C6-6D1F76B02F85}"
EndProject
Project("{8BC9CEB8-8B4A-11D0-8D11-00A0C91BC942}") = "Project9", "Project9\Project9.vcxproj", "{EC2FF644-F393-4D5F-A5EF-EC1045F76471}"
EndProject
Project("{8BC9CEB8-8B4A-11D0-8D11-00A0C91BC942}") = "Project10", "Project10\Project10.vcxproj", "{86DADF66-F865-4FC6-9500-9D7823C041F3}"
EndProject
Project("{8BC9CEB8-8B4A-11D0-8D11-00A0C91BC942}") = "Project11", "Project11\Project11.vcxproj", "{DB170719-0A6D-42F6-8671-A1767E5B3DB9}"
EndProject
Project("{8BC9CEB8-8B4A-11D0-8D11-00A0C91BC942}") = "Project12", "Project12\Project12.vcxproj", "{4C0829EB-2531-4B84-A182-D166A3EF3E97}"
EndProject
Project("{8BC9CEB8-8B4A-11D0-8D11-00A0C91BC942}") = "Project13", "Project13\Project13.vcxproj", "{7754EA88-103D-4C3D-8208-4A56247D48DF}"
EndProject
Project("{8BC9CEB8-8B4A-11D0-8D11-00A0C91BC942}") = "Project14", "Project14\Project14.vcxproj", "{97E8D7B5-645F-46A3-BD15-3E080B94CB84}"
EndProject
Project("{8BC9CEB8-8B4A-11D0-8D11-00A0C91BC942}") = "Project15", "Project15\Project15.vcxproj", "{24484F0D-3BA4-4CEB-A5D9-75B8EE5865D2}"
EndProject
Project("{8BC9CEB8-8B4A-11D0-8D11-00A0C91BC942}") = "Project16", "Project16\Project16.vcxproj", "{CC0C403C-08CB-4981-A2BE-49FB4ACC847C}"
EndProject
Project("{8BC9CEB8-8B4A-11D0-8D11-00A0C91BC942}") = "Project17", "Project17\Project17.vcxproj", "{8EED6D5B-6466-4A42-A2AF-7B90EB3AD9F4}"
EndProject
Project("{8BC9CEB8-8B4A-11D0-8D11-00A0C91BC942}") = "Project18", "Project18\Project18.vcxproj", "{1D0232FF-84E3-4268-9324-492EF60500D3}"
EndProject
Project("{8BC9CEB8-8B4A-11D0-8D11-00A0C91BC942}") = "Project19", "Project19\Project19.vcxproj", "{4B11466E-C63C-4364-9B64-1939EEE817A4}"
EndProject
Project("{8BC9CEB8-8B4A-11D0-8D11-00A0C91BC942}") = "Project20", "Project20\Project20.vcxproj", "{97B19CAA-F8FB-488C-8802-E0C2F7446323}"
EndProject
Project("{8BC9CEB8-8B4A-11D0-8D11-00A0C91BC942}") = "Project21", "Project21\Project21.vcxproj", "{B575D470-13DD-4ECD-BEF2-F4A2F9DF71A9}"
EndProject
Global
	GlobalSection(SolutionConfigurationPlatforms) = preSolution
		Debug|x64 = Debug|x64
		Debug|x86 = Debug|x86
		Release|x64 = Release|x64
		Release|x86 = Release|x86
	EndGlobalSection
	GlobalSection(ProjectConfigurationPlatforms) = postSolution
		{3E366828-90D0-47CD-B763-A31CC9BB4FED}.Debug|x64.ActiveCfg = Debug|x64
		{3E366828-90D0-47CD-B763-A31CC9BB4FED}.Debug|x64.Build.0 = Debug|x64
		{3E366828-90D0-47CD-B763-A31CC9BB4FED}.Debug|x86.ActiveCfg = Debug|Win32
		{3E366828-90D0-47CD-B763-A31CC9BB4FED}.Debug|x86.Build.0 = Debug|Win32
		{3E366828-90D0-47CD-B763-A31CC9BB4FED}.Release|x64.ActiveCfg = Release|x64
		{3E366828-90D0-47CD-B763-A31CC9BB4FED}.Release|x64.Build.0 = Release|x64
		{3E366828-90D0-47CD-B763-A31CC9BB4FED}.Release|x86.ActiveCfg = Release|Win32
		{3E366828-90D0-47CD-B763-A31CC9BB4FED}.Release|x86.Build.0 = Release|Win32
		{5808DCA8-07F1-4609-BD8F-425D623E763E}.Debug|x64.ActiveCfg = Debug|x64
		{5808DCA8-07F1-4609-BD8F-425D623E763E}.Debug|x64.Build.0 = Debug|x64
		{5808DCA8-07F1-4609-BD8F-425D623E763E}.Debug|x86.ActiveCfg = Debug|Win32
		{5808DCA8-07F1-4609-BD8F-425D623E763E}.Debug|x86.Build.0 = Debug|Win32
		{5808DCA8-07F1-4609-BD8F-425D623E763E}.Release|x64.ActiveCfg = Release|x64
		{5808DCA8-07F1-4609-BD8F-425D623E763E}.Release|x64.Build.0 = Release|x64
		{5808DCA8-07F1-4609-BD8F-425D623E763E}.Release|x86.ActiveCfg = Release|Win32
		{5808DCA8-07F1-4609-BD8F-425D623E763E}.Release|x86.Build.0 = Release|Win32
		{98AE5335-35EC-443E-8CFF-BC4D2119D27A}.Debug|x64.ActiveCfg = Debug|x64
		{98AE5335-35EC-443E-8CFF-BC4D2119D27A}.Debug|x64.Build.0 = Debug|x64
		{98AE5335-35EC-443E-8CFF-BC4D2119D27A}.Debug|x86.ActiveCfg = Debug|Win32
		{98AE5335-35EC-443E-8CFF-BC4D2119D27A}.Debug|x86.Build.0 = Debug|Win32
		{98AE5335-35EC-443E-8CFF-BC4D2119D27A}.Release|x64.ActiveCfg = Release|x64
		{98AE5335-35EC-443E-8CFF-BC4D2119D27A}.Release|x64.Build.0 = Release|x64
		{98AE5335-35EC-443E-8CFF-BC4D2119D27A}.Release|x86.ActiveCfg = Release|Win32
		{98AE5335-35EC-443E-8CFF-BC4D2119D27A}.Release|x86.Build.0 = Release|Win32
		{B5022FAF-D0F3-4927-ABA3-4052D878D186}.Debug|x64.ActiveCfg = Debug|x64
		{B5022FAF-D0F3-4927-ABA3-4052D878D186}.Debug|x64.Build.0 = Debug|x64
		{B5022FAF-D0F3-4927-ABA3-4052D878D186}.Debug|x86.ActiveCfg = Debug|Win32
		{B5022FAF-D0F3-4927-ABA3-4052D878D186}.Debug|x86.Build.0 = Debug|Win32
		{B5022FAF-D0F3-4927-ABA3-4052D878D186}.Release|x64.ActiveCfg = Release|x64
		{B5022FAF-D0F3-4927-ABA3-4052D878D186}.Release|x64.Build.0 = Release|x64
		{B5022FAF-D0F3-4927-ABA3-4052D878D186}.Release|x86.ActiveCfg = Release|Win32
		{B5022FAF-D0F3-4927-ABA3-4052D878D186}.Release|x86.Build.0 = Release|Win32
		{DF0812A2-1BFD-4094-99E8-1E246C28B9D3}.Debug|x64.ActiveCfg = Debug|x64
		{DF0812A2-1BFD-4094-99E8-1E246C28B9D3}.Debug|x64.Build.0 = Debug|x64
		{DF0812A2-1BFD-4094-99E8-1E246C28B9D3}.Debug|x86.ActiveCfg = Debug|Win32
		{DF0812A2-1BFD-4094-99E8-1E246C28B9D3}.Debug|x86.Build.0 = Debug|Win32
		{DF0812A2-1BFD-4094-99E8-1E246C28B9D3}.Release|x64.ActiveCfg = Release|x64
		{DF0812A2-1BFD-4094-99E8-1E246C28B9D3}.Release|x64.Build.0 = Release|x64
		{DF0812A2-1BFD-4094-99E8-1E246C28B9D3}.Release|x86.ActiveCfg = Release|Win32
		{DF0812A2-1BFD-4094-99E8-1E246C28B9D3}.Release|x86.Build.0 = Release|Win32
		{DB4E5B95-C30C-431D-8458-AB6BA7C390E5}.Debug|x64.ActiveCfg = Debug|x64
		{DB4E5B95-C30C-431D-8458-AB6BA7C390E5}.Debug|x64.Build.0 = Debug|x64
		{DB4E5B95-C30C-431D-8458-AB6BA7C390E5}.Debug|x86.ActiveCfg = Debug|Win32
		{DB4E5B95-C30C-431D-8458-AB6BA7C390E5}.Debug|x86.Build.0 = Debug|Win32
		{DB4E5B95-C30C-431D-8458-AB6BA7C390E5}.Release|x64.ActiveCfg = Release|x64
		{DB4E5B95-C30C-431D-8458-AB6BA7C390E5}.Release|x64.Build.0 = Release|x64
		{DB4E5B95-C30C-431D-8458-AB6BA7C390E5}.Release|x86.ActiveCfg = Release|Win32
		{DB4E5B95-C30C-431D-8458-AB6BA7C390E5}.Release|x86.Build.0 = Release|Win32
		{0A35E868-8A0C-4735-84D6-AF7E5CF17311}.Debug|x64.ActiveCfg = Debug|x64
		{0A35E868-8A0C-4735-84D6-AF7E5CF17311}.Debug|x64.Build.0 = Debug|x64
		{0A35E868-8A0C-4735-84D6-AF7E5CF17311}.Debug|x86.ActiveCfg = Debug|Win32
		{0A35E868-8A0C-4735-84D6-AF7E5CF17311}.Debug|x86.Build.0 = Debug|Win32
		{0A35E868-8A0C-4735-84D6-AF7E5CF17311}.Release|x64.ActiveCfg = Release|x64
		{0A35E868-8A0C-4735-84D6-AF7E5CF17311}.Release|x64.Build.0 = Release|x64
		{0A35E868-8A0C-4735-84D6-AF7E5CF17311}.Release|x86.ActiveCfg = Release|Win32
		{0A35E868-8A0C-4735-84D6-AF7E5CF17311}.Release|x86.Build.0 = Release|Win32
		{02CBCD2D-538D-422A-A0C6-6D1F76B02F85}.Debug|x64.ActiveCfg = Debug|x64
		{02CBCD2D-538D-422A-A0C6-6D1F76B02F85}.Debug|x64.Build.0 = Debug|x64
		{02CBCD2D-538D-422A-A0C6-6D1F76B02F85}.Debug|x86.ActiveCfg = Debug|Win32
		{02CBCD2D-538D-422A-A0C6-6D1F76B02F85}.Debug|x86.Build.0 = Debug|Win32
		{02CBCD2D-538D-422A-A0C6-6D1F76B02F85}.Release|x64.ActiveCfg = Release|x64
		{02CBCD2D-538D-422A-A0C6-6D1F76B02F85}.Release|x64.Build.0 = Release|x64
		{02CBCD2D-538D-422A-A0C6-6D1F76B02F85}.Release|x86.ActiveCfg = Release|Win32
		{02CBCD2D-538D-422A-A0C6-6D1F76B02F85}.Release|x86.Build.0 = Release|Win32
		{EC2FF644-F393-4D5F-A5EF-EC1045F76471}.Debug|x64.ActiveCfg = Debug|x64
		{EC2FF644-F393-4D5F-A5EF-EC1045F76471}.Debug|x64.Build.0 = Debug|x64
		{EC2FF644-F393-4D5F-A5EF-EC1045F76471}.Debug|x86.ActiveCfg = Debug|Win32
		{EC2FF644-F393-4D5F-A5EF-EC1045F76471}.Debug|x86.Build.0 = Debug|Win32
		{EC2FF644-F393-4D5F-A5EF-EC1045F76471}.Release|x64.ActiveCfg = Release|x64
		{EC2FF644-F393-4D5F-A5EF-EC1045F76471}.Release|x64.Build.0 = Release|x64
		{EC2FF644-F393-4D5F-A5EF-EC1045F76471}.Release|x86.ActiveCfg = Release|Win32
		{EC2FF644-F393-4D5F-A5EF-EC1045F76471}.Release|x86.Build.0 = Release|Win32
		{86DADF66-F865-4FC6-9500-9D7823C041F3}.Debug|x64.ActiveCfg = Debug|x64
		{86DADF66-F865-4FC6-9500-9D7823C041F3}.Debug|x64.Build.0 = Debug|x64
		{86DADF66-F865-4FC6-9500-9D7823C041F3}.Debug|x86.ActiveCfg = Debug|Win32
		{86DADF66-F865-4FC6-9500-9D7823C041F3}.Debug|x86.Build.0 = Debug|Win32
		{86DADF66-F865-4FC6-9500-9D7823C041F3}.Release|x64.ActiveCfg = Release|x64
		{86DADF66-F865-4FC6-9500-9D7823C041F3}.Release|x64.Build.0 = Release|x64
		{86DADF66-F865-4FC6-9500-9D7823C041F3}.Release|x86.ActiveCfg = Release|Win32
		{86DADF66-F865-4FC6-9500-9D7823C041F3}.Release|x86.Build.0 = Release|Win32
		{DB170719-0A6D-42F6-8671-A1767E5B3DB9}.Debug|x64.ActiveCfg = Debug|x64
		{DB170719-0A6D-42F6-8671-A1767E5B3DB9}.Debug|x64.Build.0 = Debug|x64
		{DB170719-0A6D-42F6-8671-A1767E5B3DB9}.Debug|x86.ActiveCfg = Debug|Win32
		{DB170719-0A6D-42F6-8671-A1767E5B3DB9}.Debug|x86.Build.0 = Debug|Win32
		{DB170719-0A6D-42F6-8671-A1767E5B3DB9}.Release|x64.ActiveCfg = Release|x64
		{DB170719-0A6D-42F6-8671-A1767E5B3DB9}.Release|x64.Build.0 = Release|x64
		{DB170719-0A6D-42F6-8671-A1767E5B3DB9}.Release|x86.ActiveCfg = Release|Win32
		{DB170719-0A6D-42F6-8671-A1767E5B3DB9}.Release|x86.Build.0 = Release|Win32
		{4C0829EB-2531-4B84-A182-D166A3EF3E97}.Debug|x64.ActiveCfg = Debug|x64
		{4C0829EB-2531-4B84-A182-D166A3EF3E97}.Debug|x64.Build.0 = Debug|x64
		{4C0829EB-2531-4B84-A182-D166A3EF3E97}.Debug|x86.ActiveCfg = Debug|Win32
		{4C0829EB-2531-4B84-A182-D166A3EF3E97}.Debug|x86.Build.0 = Debug|Win32
		{4C0829EB-2531-4B84-A182-D166A3EF3E97}.Release|x64.ActiveCfg = Release|x64
		{4C0829EB-2531-4B84-A182-D166A3EF3E97}.Release|x64.Build.0 = Release|x64
		{4C0829EB-2531-4B84-A182-D166A3EF3E97}.Release|x86.ActiveCfg = Release|Win32
		{4C0829EB-2531-4B84-A182-D166A3EF3E97}.Release|x86.Build.0 = Release|Win32
		{7754EA88-103D-4C3D-8208-4A56247D48DF}.Debug|x64.ActiveCfg = Debug|x64
		{7754EA88-103D-4C3D-8208-4A56247D48DF}.Debug|x64.Build.0 = Debug|x64
		{7754EA88-103D-4C3D-8208-4A56247D48DF}.Debug|x86.ActiveCfg = Debug|Win32
		{7754EA88-103D-4C3D-8208-4A56247D48DF}.Debug|x86.Build.0 = Debug|Win32
		{7754EA88-103D-4C3D-8208-4A56247D48DF}.Release|x64.ActiveCfg = Release|x64
		{7754EA88-103D-4C3D-8208-4A56247D48DF}.Release|x64.Build.0 = Release|x64
		{7754EA88-103D-4C3D-8208-4A56247D48DF}.Release|x86.ActiveCfg = Release|Win32
		{7754EA88-103D-4C3D-8208-4A56247D48DF}.Release|x86.Build.0 = Release|Win32
		{97E8D7B5-645F-46A3-BD15-3E080B94CB84}.Debug|x64.ActiveCfg = Debug|x64
		{97E8D7B5-645F-46A3-BD15-3E080B94CB84}.Debug|x64.Build.0 = Debug|x64
		{97E8D7B5-645F-46A3-BD15-3E080B94CB84}.Debug|x86.ActiveCfg = Debug|Win32
		{97E8D7B5-645F-46A3-BD15-3E080B94CB84}.Debug|x86.Build.0 = Debug|Win32
		{97E8D7B5-645F-46A3-BD15-3E080B94CB84}.Release|x64.ActiveCfg = Release|x64
		{97E8D7B5-645F-46A3-BD15-3E080B94CB84}.Release|x64.Build.0 = Release|x64
		{97E8D7B5-645F-46A3-BD15-3E080B94CB84}.Release|x86.ActiveCfg = Release|Win32
		{97E8D7B5-645F-46A3-BD15-3E080B94CB84}.Release|x86.Build.0 = Release|Win32
		{24484F0D-3BA4-4CEB-A5D9-75B8EE5865D2}.Debug|x64.ActiveCfg = Debug|x64
		{24484F0D-3BA4-4CEB-A5D9-75B8EE5865D2}.Debug|x64.Build.0 = Debug|x64
		{24484F0D-3BA4-4CEB-A5D9-75B8EE5865D2}.Debug|x86.ActiveCfg = Debug|Win32
		{24484F0D-3BA4-4CEB-A5D9-75B8EE5865D2}.Debug|x86.Build.0 = Debug|Win32
		{24484F0D-3BA4-4CEB-A5D9-75B8EE5865D2}.Release|x64.ActiveCfg = Release|x64
		{24484F0D-3BA4-4CEB-A5D9-75B8EE5865D2}.Release|x64.Build.0 = Release|x64
		{24484F0D-3BA4-4CEB-A5D9-75B8EE5865D2}.Release|x86.ActiveCfg = Release|Win32
		{24484F0D-3BA4-4CEB-A5D9-75B8EE5865D2}.Release|x86.Build.0 = Release|Win32
		{CC0C403C-08CB-4981-A2BE-49FB4ACC847C}.Debug|x64.ActiveCfg = Debug|x64
		{CC0C403C-08CB-4981-A2BE-49FB4ACC847C}.Debug|x64.Build.0 = Debug|x64
		{CC0C403C-08CB-4981-A2BE-49FB4ACC847C}.Debug|x86.ActiveCfg = Debug|Win32
		{CC0C403C-08CB-4981-A2BE-49FB4ACC847C}.Debug|x86.Build.0 = Debug|Win32
		{CC0C403C-08CB-4981-A2BE-49FB4ACC847C}.Release|x64.ActiveCfg = Release|x64
		{CC0C403C-08CB-4981-A2BE-49FB4ACC847C}.Release|x64.Build.0 = Release|x64
		{CC0C403C-08CB-4981-A2BE-49FB4ACC847C}.Release|x86.ActiveCfg = Release|Win32
		{CC0C403C-08CB-4981-A2BE-49FB4ACC847C}.Release|x86.Build.0 = Release|Win32
		{8EED6D5B-6466-4A42-A2AF-7B90EB3AD9F4}.Debug|x64.ActiveCfg = Debug|x64
		{8EED6D5B-6466-4A42-A2AF-7B90EB3AD9F4}.Debug|x64.Build.0 = Debug|x64
		{8EED6D5B-6466-4A42-A2AF-7B90EB3AD9F4}.Debug|x86.ActiveCfg = Debug|Win32
		{8EED6D5B-6466-4A42-A2AF-7B90EB3AD9F4}.Debug|x86.Build.0 = Debug|Win32
		{8EED6D5B-6466-4A42-A2AF-7B90EB3AD9F4}.Release|x64.ActiveCfg = Release|x64
		{8EED6D5B-6466-4A42-A2AF-7B90EB3AD9F4}.Release|x64.Build.0 = Release|x64
		{8EED6D5B-6466-4A42-A2AF-7B90EB3AD9F4}.Release|x86.ActiveCfg = Release|Win32
		{8EED6D5B-6466-4A42-A2AF-7B90EB3AD9F4}.Release|x86.Build.0 = Release|Win32
		{1D0232FF-84E3-4268-9324-492EF60500D3}.Debug|x64.ActiveCfg = Debug|x64
		{1D0232FF-84E3-4268-9324-492EF60500D3}.Debug|x64.Build.0 = Debug|x64
		{1D0232FF-84E3-4268-9324-492EF60500D3}.Debug|x86.ActiveCfg = Debug|Win32
		{1D0232FF-84E3-4268-9324-492EF60500D3}.Debug|x86.Build.0 = Debug|Win32
		{1D0232FF-84E3-4268-9324-492EF60500D3}.Release|x64.ActiveCfg = Release|x64
		{1D0232FF-84E3-4268-9324-492EF60500D3}.Release|x64.Build.0 = Release|x64
		{1D0232FF-84E3-4268-9324-492EF60500D3}.Release|x86.ActiveCfg = Release|Win32
		{1D0232FF-84E3-4268-9324-492EF60500D3}.Release|x86.Build.0 = Release|Win32
		{4B11466E-C63C-4364-9B64-1939EEE817A4}.Debug|x64.ActiveCfg = Debug|x64
		{4B11466E-C63C-4364-9B64-1939EEE817A4}.Debug|x64.Build.0 = Debug|x64
		{4B11466E-C63C-4364-9B64-1939EEE817A4}.Debug|x86.ActiveCfg = Debug|Win32
		{4B11466E-C63C-4364-9B64-1939EEE817A4}.Debug|x86.Build.0 = Debug|Win32
		{4B11466E-C63C-4364-9B64-1939EEE817A4}.Release|x64.ActiveCfg = Release|x64
		{4B11466E-C63C-4364-9B64-1939EEE817A4}.Release|x64.Build.0 = Release|x64
		{4B11466E-C63C-4364-9B64-1939EEE817A4}.Release|x86.ActiveCfg = Release|Win32
		{4B11466E-C63C-4364-9B64-1939EEE817A4}.Release|x86.Build.0 = Release|Win32
		{97B19CAA-F8FB-488C-8802-E0C2F7446323}.Debug|x64.ActiveCfg = Debug|x64
		{97B19CAA-F8FB-488C-8802-E0C2F7446323}.Debug|x64.Build.0 = Debug|x64
		{97B19CAA-F8FB-488C-8802-E0C2F7446323}.Debug|x86.ActiveCfg = Debug|Win32
		{97B19CAA-F8FB-488C-8802-E0C2F7446323}.Debug|x86.Build.0 = Debug|Win32
		{97B19CAA-F8FB-488C-8802-E0C2F7446323}.Release|x64.ActiveCfg = Release|x64
		{97B19CAA-F8FB-488C-8802-E0C2F7446323}.Release|x64.Build.0 = Release|x64
		{97B19CAA-F8FB-488C-8802-E0C2F7446323}.Release|x86.ActiveCfg = Release|Win32
		{97B19CAA-F8FB-488C-8802-E0C2F7446323}.Release|x86.Build.0 = Release|Win32
		{B575D470-13DD-4ECD-BEF2-F4A2F9DF71A9}.Debug|x64.ActiveCfg = Debug|x64
		{B575D470-13DD-4ECD-BEF2-F4A2F9DF71A9}.Debug|x64.Build.0 = Debug|x64
		{B575D470-13DD-4ECD-BEF2-F4A2F9DF71A9}.Debug|x86.ActiveCfg = Debug|Win32
		{B575D470-13DD-4ECD-BEF2-F4A2F9DF71A9}.Debug|x86.Build.0 = Debug|Win32
		{B575D470-13DD-4ECD-BEF2-F4A2F9DF71A9}.Release|x64.ActiveCfg = Release|x64
		{B575D470-13DD-4ECD-BEF2-F4A2F9DF71A9}.Release|x64.Build.0 = Release|x64
		{B575D470-13DD-4ECD-BEF2-F4A2F9DF71A9}.Release|x86.ActiveCfg = Release|Win32
		{B575D470-13DD-4ECD-BEF2-F4A2F9DF71A9}.Release|x86.Build.0 = Release|Win32
	EndGlobalSection
	GlobalSection(SolutionProperties) = preSolution
		HideSolutionNode = FALSE
	EndGlobalSection
	GlobalSection(ExtensibilityGlobals) = postSolution
		SolutionGuid = {0012329B-4CF3-4CC6-A3FC-0EC341CCDD85}
	EndGlobalSection
EndGlobal
